
Microsoft Visual Studio Solution File, Format Version 12.00
# Visual Studio 15
VisualStudioVersion = 15.0.27130.2020
MinimumVisualStudioVersion = 10.0.40219.1
Project("{FAE04EC0-301F-11D3-BF4B-00C04F79EFBC}") = "task31", "task31\task31.csproj", "{3CC8B749-D117-4308-B27F-AA931453DC56}"
EndProject
Global
	GlobalSection(SolutionConfigurationPlatforms) = preSolution
		Debug|Any CPU = Debug|Any CPU
		Release|Any CPU = Release|Any CPU
	EndGlobalSection
	GlobalSection(ProjectConfigurationPlatforms) = postSolution
		{3CC8B749-D117-4308-B27F-AA931453DC56}.Debug|Any CPU.ActiveCfg = Debug|Any CPU
		{3CC8B749-D117-4308-B27F-AA931453DC56}.Debug|Any CPU.Build.0 = Debug|Any CPU
		{3CC8B749-D117-4308-B27F-AA931453DC56}.Release|Any CPU.ActiveCfg = Release|Any CPU
		{3CC8B749-D117-4308-B27F-AA931453DC56}.Release|Any CPU.Build.0 = Release|Any CPU
	EndGlobalSection
	GlobalSection(SolutionProperties) = preSolution
		HideSolutionNode = FALSE
	EndGlobalSection
	GlobalSection(ExtensibilityGlobals) = postSolution
		SolutionGuid = {49A5934F-99F6-4F9E-9101-1D12D2C9FAD0}
	EndGlobalSection
EndGlobal
