
Microsoft Visual Studio Solution File, Format Version 12.00
# Visual Studio 15
VisualStudioVersion = 15.0.27130.2020
MinimumVisualStudioVersion = 10.0.40219.1
Project("{FAE04EC0-301F-11D3-BF4B-00C04F79EFBC}") = "task35", "task35\task35.csproj", "{F382BC62-7A54-4289-88C9-B355173933C8}"
EndProject
Global
	GlobalSection(SolutionConfigurationPlatforms) = preSolution
		Debug|Any CPU = Debug|Any CPU
		Release|Any CPU = Release|Any CPU
	EndGlobalSection
	GlobalSection(ProjectConfigurationPlatforms) = postSolution
		{F382BC62-7A54-4289-88C9-B355173933C8}.Debug|Any CPU.ActiveCfg = Debug|Any CPU
		{F382BC62-7A54-4289-88C9-B355173933C8}.Debug|Any CPU.Build.0 = Debug|Any CPU
		{F382BC62-7A54-4289-88C9-B355173933C8}.Release|Any CPU.ActiveCfg = Release|Any CPU
		{F382BC62-7A54-4289-88C9-B355173933C8}.Release|Any CPU.Build.0 = Release|Any CPU
	EndGlobalSection
	GlobalSection(SolutionProperties) = preSolution
		HideSolutionNode = FALSE
	EndGlobalSection
	GlobalSection(ExtensibilityGlobals) = postSolution
		SolutionGuid = {88C0CA16-766F-454E-B3CC-1B71A2F1E1D6}
	EndGlobalSection
EndGlobal
